
Microsoft Visual Studio Solution File, Format Version 12.00
# Visual Studio Version 17
VisualStudioVersion = 17.3.32929.385
MinimumVisualStudioVersion = 10.0.40219.1
Project("{FAE04EC0-301F-11D3-BF4B-00C04F79EFBC}") = "DesignPatterns", "DesignPatterns\DesignPatterns.csproj", "{E9361E11-EEB0-489A-8439-D98888AC70BC}"
EndProject
Global
	GlobalSection(SolutionConfigurationPlatforms) = preSolution
		Debug|Any CPU = Debug|Any CPU
		Release|Any CPU = Release|Any CPU
	EndGlobalSection
	GlobalSection(ProjectConfigurationPlatforms) = postSolution
		{E9361E11-EEB0-489A-8439-D98888AC70BC}.Debug|Any CPU.ActiveCfg = Debug|Any CPU
		{E9361E11-EEB0-489A-8439-D98888AC70BC}.Debug|Any CPU.Build.0 = Debug|Any CPU
		{E9361E11-EEB0-489A-8439-D98888AC70BC}.Release|Any CPU.ActiveCfg = Release|Any CPU
		{E9361E11-EEB0-489A-8439-D98888AC70BC}.Release|Any CPU.Build.0 = Release|Any CPU
	EndGlobalSection
	GlobalSection(SolutionProperties) = preSolution
		HideSolutionNode = FALSE
	EndGlobalSection
	GlobalSection(ExtensibilityGlobals) = postSolution
		SolutionGuid = {5A0801F4-5E5E-46D7-A91A-1EF63838F7DC}
	EndGlobalSection
EndGlobal
